
Microsoft Visual Studio Solution File, Format Version 12.00
# Visual Studio Version 17
VisualStudioVersion = 17.7.34221.43
MinimumVisualStudioVersion = 10.0.40219.1
Project("{9A19103F-16F7-4668-BE54-9A1E7A4F7556}") = "Dddify", "src\Dddify\Dddify.csproj", "{DE8F5397-029E-4C9A-9660-F121DF0FC809}"
EndProject
Project("{2150E333-8FDC-42A3-9474-1A3956D46DE8}") = "src", "src", "{38770002-B724-45E5-BEDD-DC6E5B252596}"
EndProject
Project("{2150E333-8FDC-42A3-9474-1A3956D46DE8}") = "samples", "samples", "{4F2BDD51-DC98-44B7-AB88-8E867693C0BB}"
EndProject
Project("{9A19103F-16F7-4668-BE54-9A1E7A4F7556}") = "Dddify.Tests", "test\Dddify.Tests\Dddify.Tests.csproj", "{5231D115-F3F9-4252-AFF5-7E89354518D7}"
EndProject
Project("{2150E333-8FDC-42A3-9474-1A3956D46DE8}") = "test", "test", "{6CF949D7-D6A1-4CBC-B9BF-338C703C0B1F}"
EndProject
Project("{9A19103F-16F7-4668-BE54-9A1E7A4F7556}") = "TodoListApp.WebHost", "samples\TodoListApp.WebHost\TodoListApp.WebHost.csproj", "{442F440A-F193-4939-A9D6-F2EC38493885}"
EndProject
Project("{9A19103F-16F7-4668-BE54-9A1E7A4F7556}") = "TodoListApp.Application", "samples\TodoListApp.Application\TodoListApp.Application.csproj", "{C21E347A-230A-469E-9723-F2FD2F48A1A7}"
EndProject
Project("{9A19103F-16F7-4668-BE54-9A1E7A4F7556}") = "TodoListApp.Infrastructure", "samples\TodoListApp.Infrastructure\TodoListApp.Infrastructure.csproj", "{2182B176-E872-41F9-A083-DB6F7EF02BE2}"
EndProject
Project("{9A19103F-16F7-4668-BE54-9A1E7A4F7556}") = "TodoListApp.Domain", "samples\TodoListApp.Domain\TodoListApp.Domain.csproj", "{ED8BFC5F-5252-4202-B610-54679A059B21}"
EndProject
Global
	GlobalSection(SolutionConfigurationPlatforms) = preSolution
		Debug|Any CPU = Debug|Any CPU
		Release|Any CPU = Release|Any CPU
	EndGlobalSection
	GlobalSection(ProjectConfigurationPlatforms) = postSolution
		{DE8F5397-029E-4C9A-9660-F121DF0FC809}.Debug|Any CPU.ActiveCfg = Debug|Any CPU
		{DE8F5397-029E-4C9A-9660-F121DF0FC809}.Debug|Any CPU.Build.0 = Debug|Any CPU
		{DE8F5397-029E-4C9A-9660-F121DF0FC809}.Release|Any CPU.ActiveCfg = Release|Any CPU
		{DE8F5397-029E-4C9A-9660-F121DF0FC809}.Release|Any CPU.Build.0 = Release|Any CPU
		{5231D115-F3F9-4252-AFF5-7E89354518D7}.Debug|Any CPU.ActiveCfg = Debug|Any CPU
		{5231D115-F3F9-4252-AFF5-7E89354518D7}.Debug|Any CPU.Build.0 = Debug|Any CPU
		{5231D115-F3F9-4252-AFF5-7E89354518D7}.Release|Any CPU.ActiveCfg = Release|Any CPU
		{5231D115-F3F9-4252-AFF5-7E89354518D7}.Release|Any CPU.Build.0 = Release|Any CPU
		{442F440A-F193-4939-A9D6-F2EC38493885}.Debug|Any CPU.ActiveCfg = Debug|Any CPU
		{442F440A-F193-4939-A9D6-F2EC38493885}.Debug|Any CPU.Build.0 = Debug|Any CPU
		{442F440A-F193-4939-A9D6-F2EC38493885}.Release|Any CPU.ActiveCfg = Release|Any CPU
		{442F440A-F193-4939-A9D6-F2EC38493885}.Release|Any CPU.Build.0 = Release|Any CPU
		{C21E347A-230A-469E-9723-F2FD2F48A1A7}.Debug|Any CPU.ActiveCfg = Debug|Any CPU
		{C21E347A-230A-469E-9723-F2FD2F48A1A7}.Debug|Any CPU.Build.0 = Debug|Any CPU
		{C21E347A-230A-469E-9723-F2FD2F48A1A7}.Release|Any CPU.ActiveCfg = Release|Any CPU
		{C21E347A-230A-469E-9723-F2FD2F48A1A7}.Release|Any CPU.Build.0 = Release|Any CPU
		{2182B176-E872-41F9-A083-DB6F7EF02BE2}.Debug|Any CPU.ActiveCfg = Debug|Any CPU
		{2182B176-E872-41F9-A083-DB6F7EF02BE2}.Debug|Any CPU.Build.0 = Debug|Any CPU
		{2182B176-E872-41F9-A083-DB6F7EF02BE2}.Release|Any CPU.ActiveCfg = Release|Any CPU
		{2182B176-E872-41F9-A083-DB6F7EF02BE2}.Release|Any CPU.Build.0 = Release|Any CPU
		{ED8BFC5F-5252-4202-B610-54679A059B21}.Debug|Any CPU.ActiveCfg = Debug|Any CPU
		{ED8BFC5F-5252-4202-B610-54679A059B21}.Debug|Any CPU.Build.0 = Debug|Any CPU
		{ED8BFC5F-5252-4202-B610-54679A059B21}.Release|Any CPU.ActiveCfg = Release|Any CPU
		{ED8BFC5F-5252-4202-B610-54679A059B21}.Release|Any CPU.Build.0 = Release|Any CPU
	EndGlobalSection
	GlobalSection(SolutionProperties) = preSolution
		HideSolutionNode = FALSE
	EndGlobalSection
	GlobalSection(NestedProjects) = preSolution
		{DE8F5397-029E-4C9A-9660-F121DF0FC809} = {38770002-B724-45E5-BEDD-DC6E5B252596}
		{5231D115-F3F9-4252-AFF5-7E89354518D7} = {6CF949D7-D6A1-4CBC-B9BF-338C703C0B1F}
		{442F440A-F193-4939-A9D6-F2EC38493885} = {4F2BDD51-DC98-44B7-AB88-8E867693C0BB}
		{C21E347A-230A-469E-9723-F2FD2F48A1A7} = {4F2BDD51-DC98-44B7-AB88-8E867693C0BB}
		{2182B176-E872-41F9-A083-DB6F7EF02BE2} = {4F2BDD51-DC98-44B7-AB88-8E867693C0BB}
		{ED8BFC5F-5252-4202-B610-54679A059B21} = {4F2BDD51-DC98-44B7-AB88-8E867693C0BB}
	EndGlobalSection
	GlobalSection(ExtensibilityGlobals) = postSolution
		SolutionGuid = {852C1AD4-4F5F-4CAA-B76F-5446843A7D9B}
	EndGlobalSection
EndGlobal
