
Microsoft Visual Studio Solution File, Format Version 12.00
# Visual Studio Version 17
VisualStudioVersion = 17.1.32228.430
MinimumVisualStudioVersion = 10.0.40219.1
Project("{9A19103F-16F7-4668-BE54-9A1E7A4F7556}") = "Dddify", "src\Dddify\Dddify.csproj", "{8064C046-91C2-433B-9CBF-616DFB70A49C}"
EndProject
Project("{2150E333-8FDC-42A3-9474-1A3956D46DE8}") = "src", "src", "{6482E8F5-9DCC-4EA4-8FD6-F3DFCFE4C5C6}"
EndProject
Project("{2150E333-8FDC-42A3-9474-1A3956D46DE8}") = "samples", "samples", "{170BE7F6-2BF2-4194-96CE-EE364B9963F3}"
EndProject
Project("{9A19103F-16F7-4668-BE54-9A1E7A4F7556}") = "Dddify.AspNetCore", "src\Dddify.AspNetCore\Dddify.AspNetCore.csproj", "{DA327893-C97B-4C06-AC22-98D75F6B6864}"
EndProject
Project("{9A19103F-16F7-4668-BE54-9A1E7A4F7556}") = "Dddify.Application", "src\Dddify.Application\Dddify.Application.csproj", "{252B5C38-8CBA-4E2F-8542-23D3E137ACB5}"
EndProject
Project("{9A19103F-16F7-4668-BE54-9A1E7A4F7556}") = "MyCompany.MyProject.Application", "samples\MyCompany.MyProject.Application\MyCompany.MyProject.Application.csproj", "{24260461-60C3-43A9-87B8-7DDA590716A0}"
EndProject
Project("{9A19103F-16F7-4668-BE54-9A1E7A4F7556}") = "MyCompany.MyProject.Domain", "samples\MyCompany.MyProject.Domain\MyCompany.MyProject.Domain.csproj", "{82E984F6-E3A7-4F8F-8619-9DA055984790}"
EndProject
Project("{9A19103F-16F7-4668-BE54-9A1E7A4F7556}") = "MyCompany.MyProject.Infrastructure", "samples\MyCompany.MyProject.Infrastructure\MyCompany.MyProject.Infrastructure.csproj", "{7C65FD83-5281-4037-A2B9-D38C339077D7}"
EndProject
Project("{9A19103F-16F7-4668-BE54-9A1E7A4F7556}") = "MyCompany.MyProject.WebAPI", "samples\MyCompany.MyProject.WebAPI\MyCompany.MyProject.WebAPI.csproj", "{E5FB91BE-D5E0-4338-906D-9C0562CB07C1}"
EndProject
Project("{FAE04EC0-301F-11D3-BF4B-00C04F79EFBC}") = "Dddify.Infrastructure", "src\Dddify.Infrastructure\Dddify.Infrastructure.csproj", "{1AF653EC-8C00-4615-A7C6-369C7BF5F9AF}"
EndProject
Project("{FAE04EC0-301F-11D3-BF4B-00C04F79EFBC}") = "Dddify.Domain", "src\Dddify.Domain\Dddify.Domain\Dddify.Domain.csproj", "{AA629BC8-376F-4CF9-BB72-02FB4B75A6FC}"
EndProject
Global
	GlobalSection(SolutionConfigurationPlatforms) = preSolution
		Debug|Any CPU = Debug|Any CPU
		Release|Any CPU = Release|Any CPU
	EndGlobalSection
	GlobalSection(ProjectConfigurationPlatforms) = postSolution
		{8064C046-91C2-433B-9CBF-616DFB70A49C}.Debug|Any CPU.ActiveCfg = Debug|Any CPU
		{8064C046-91C2-433B-9CBF-616DFB70A49C}.Debug|Any CPU.Build.0 = Debug|Any CPU
		{8064C046-91C2-433B-9CBF-616DFB70A49C}.Release|Any CPU.ActiveCfg = Release|Any CPU
		{8064C046-91C2-433B-9CBF-616DFB70A49C}.Release|Any CPU.Build.0 = Release|Any CPU
		{DA327893-C97B-4C06-AC22-98D75F6B6864}.Debug|Any CPU.ActiveCfg = Debug|Any CPU
		{DA327893-C97B-4C06-AC22-98D75F6B6864}.Debug|Any CPU.Build.0 = Debug|Any CPU
		{DA327893-C97B-4C06-AC22-98D75F6B6864}.Release|Any CPU.ActiveCfg = Release|Any CPU
		{DA327893-C97B-4C06-AC22-98D75F6B6864}.Release|Any CPU.Build.0 = Release|Any CPU
		{252B5C38-8CBA-4E2F-8542-23D3E137ACB5}.Debug|Any CPU.ActiveCfg = Debug|Any CPU
		{252B5C38-8CBA-4E2F-8542-23D3E137ACB5}.Debug|Any CPU.Build.0 = Debug|Any CPU
		{252B5C38-8CBA-4E2F-8542-23D3E137ACB5}.Release|Any CPU.ActiveCfg = Release|Any CPU
		{252B5C38-8CBA-4E2F-8542-23D3E137ACB5}.Release|Any CPU.Build.0 = Release|Any CPU
		{24260461-60C3-43A9-87B8-7DDA590716A0}.Debug|Any CPU.ActiveCfg = Debug|Any CPU
		{24260461-60C3-43A9-87B8-7DDA590716A0}.Debug|Any CPU.Build.0 = Debug|Any CPU
		{24260461-60C3-43A9-87B8-7DDA590716A0}.Release|Any CPU.ActiveCfg = Release|Any CPU
		{24260461-60C3-43A9-87B8-7DDA590716A0}.Release|Any CPU.Build.0 = Release|Any CPU
		{82E984F6-E3A7-4F8F-8619-9DA055984790}.Debug|Any CPU.ActiveCfg = Debug|Any CPU
		{82E984F6-E3A7-4F8F-8619-9DA055984790}.Debug|Any CPU.Build.0 = Debug|Any CPU
		{82E984F6-E3A7-4F8F-8619-9DA055984790}.Release|Any CPU.ActiveCfg = Release|Any CPU
		{82E984F6-E3A7-4F8F-8619-9DA055984790}.Release|Any CPU.Build.0 = Release|Any CPU
		{7C65FD83-5281-4037-A2B9-D38C339077D7}.Debug|Any CPU.ActiveCfg = Debug|Any CPU
		{7C65FD83-5281-4037-A2B9-D38C339077D7}.Debug|Any CPU.Build.0 = Debug|Any CPU
		{7C65FD83-5281-4037-A2B9-D38C339077D7}.Release|Any CPU.ActiveCfg = Release|Any CPU
		{7C65FD83-5281-4037-A2B9-D38C339077D7}.Release|Any CPU.Build.0 = Release|Any CPU
		{E5FB91BE-D5E0-4338-906D-9C0562CB07C1}.Debug|Any CPU.ActiveCfg = Debug|Any CPU
		{E5FB91BE-D5E0-4338-906D-9C0562CB07C1}.Debug|Any CPU.Build.0 = Debug|Any CPU
		{E5FB91BE-D5E0-4338-906D-9C0562CB07C1}.Release|Any CPU.ActiveCfg = Release|Any CPU
		{E5FB91BE-D5E0-4338-906D-9C0562CB07C1}.Release|Any CPU.Build.0 = Release|Any CPU
		{1AF653EC-8C00-4615-A7C6-369C7BF5F9AF}.Debug|Any CPU.ActiveCfg = Debug|Any CPU
		{1AF653EC-8C00-4615-A7C6-369C7BF5F9AF}.Debug|Any CPU.Build.0 = Debug|Any CPU
		{1AF653EC-8C00-4615-A7C6-369C7BF5F9AF}.Release|Any CPU.ActiveCfg = Release|Any CPU
		{1AF653EC-8C00-4615-A7C6-369C7BF5F9AF}.Release|Any CPU.Build.0 = Release|Any CPU
		{AA629BC8-376F-4CF9-BB72-02FB4B75A6FC}.Debug|Any CPU.ActiveCfg = Debug|Any CPU
		{AA629BC8-376F-4CF9-BB72-02FB4B75A6FC}.Debug|Any CPU.Build.0 = Debug|Any CPU
		{AA629BC8-376F-4CF9-BB72-02FB4B75A6FC}.Release|Any CPU.ActiveCfg = Release|Any CPU
		{AA629BC8-376F-4CF9-BB72-02FB4B75A6FC}.Release|Any CPU.Build.0 = Release|Any CPU
	EndGlobalSection
	GlobalSection(SolutionProperties) = preSolution
		HideSolutionNode = FALSE
	EndGlobalSection
	GlobalSection(NestedProjects) = preSolution
		{8064C046-91C2-433B-9CBF-616DFB70A49C} = {6482E8F5-9DCC-4EA4-8FD6-F3DFCFE4C5C6}
		{DA327893-C97B-4C06-AC22-98D75F6B6864} = {6482E8F5-9DCC-4EA4-8FD6-F3DFCFE4C5C6}
		{252B5C38-8CBA-4E2F-8542-23D3E137ACB5} = {6482E8F5-9DCC-4EA4-8FD6-F3DFCFE4C5C6}
		{24260461-60C3-43A9-87B8-7DDA590716A0} = {170BE7F6-2BF2-4194-96CE-EE364B9963F3}
		{82E984F6-E3A7-4F8F-8619-9DA055984790} = {170BE7F6-2BF2-4194-96CE-EE364B9963F3}
		{7C65FD83-5281-4037-A2B9-D38C339077D7} = {170BE7F6-2BF2-4194-96CE-EE364B9963F3}
		{E5FB91BE-D5E0-4338-906D-9C0562CB07C1} = {170BE7F6-2BF2-4194-96CE-EE364B9963F3}
		{1AF653EC-8C00-4615-A7C6-369C7BF5F9AF} = {6482E8F5-9DCC-4EA4-8FD6-F3DFCFE4C5C6}
		{AA629BC8-376F-4CF9-BB72-02FB4B75A6FC} = {6482E8F5-9DCC-4EA4-8FD6-F3DFCFE4C5C6}
	EndGlobalSection
	GlobalSection(ExtensibilityGlobals) = postSolution
		SolutionGuid = {00E12BDB-D404-4ED9-8A3B-05DA70DEDC0D}
	EndGlobalSection
EndGlobal
